[[package]]
category = "main"
description = "Python package for providing Mozilla's CA Bundle."
name = "certifi"
optional = false
python-versions = "*"
version = "2018.10.15"

[[package]]
category = "main"
description = "Universal encoding detector for Python 2 and 3"
name = "chardet"
optional = false
python-versions = "*"
version = "3.0.4"

[[package]]
category = "main"
description = "Composable command line interface toolkit"
name = "click"
optional = false
python-versions = ">=2.7, !=3.0.*, !=3.1.*, !=3.2.*, !=3.3.*"
version = "7.0"

[[package]]
category = "dev"
description = "the modular source code checker: pep8, pyflakes and co"
name = "flake8"
optional = false
python-versions = ">=2.7, !=3.0.*, !=3.1.*, !=3.2.*, !=3.3.*"
version = "3.6.0"

[package.dependencies]
mccabe = ">=0.6.0,<0.7.0"
pycodestyle = ">=2.4.0,<2.5.0"
pyflakes = ">=2.0.0,<2.1.0"
setuptools = ">=30"

[[package]]
category = "main"
description = "A simple framework for building complex web applications."
name = "flask"
optional = false
python-versions = "*"
version = "1.0.2"

[package.dependencies]
Jinja2 = ">=2.10"
Werkzeug = ">=0.14"
click = ">=5.1"
itsdangerous = ">=0.24"

[[package]]
category = "main"
description = "Simple paginate support for flask"
name = "flask-paginate"
optional = false
python-versions = "*"
version = "0.5.1"

[package.dependencies]
Flask = "*"

[[package]]
category = "main"
description = "Internationalized Domain Names in Applications (IDNA)"
name = "idna"
optional = false
python-versions = "*"
version = "2.7"

[[package]]
category = "main"
description = "An ISO 8601 date/time/duration parser and formatter"
name = "isodate"
optional = false
python-versions = "*"
version = "0.6.0"

[package.dependencies]
six = "*"

[[package]]
category = "main"
description = "Various helpers to pass data to untrusted environments and back."
name = "itsdangerous"
optional = false
python-versions = ">=2.7, !=3.0.*, !=3.1.*, !=3.2.*, !=3.3.*"
version = "1.1.0"

[[package]]
category = "main"
description = "A small but fast and easy to use stand-alone template engine written in pure python."
name = "jinja2"
optional = false
python-versions = "*"
version = "2.10"

[package.dependencies]
MarkupSafe = ">=0.23"

[[package]]
category = "main"
description = "Powerful and Pythonic XML processing library combining libxml2/libxslt with the ElementTree API."
name = "lxml"
optional = false
python-versions = "*"
version = "4.2.5"

[[package]]
category = "main"
description = "Safely add untrusted strings to HTML/XML markup."
name = "markupsafe"
optional = false
python-versions = ">=2.7,!=3.0.*,!=3.1.*,!=3.2.*,!=3.3.*"
version = "1.1.0"

[[package]]
category = "dev"
description = "McCabe checker, plugin for flake8"
name = "mccabe"
optional = false
python-versions = "*"
version = "0.6.1"

[[package]]
category = "main"
description = "A generic, spec-compliant, thorough implementation of the OAuth request-signing logic"
name = "oauthlib"
optional = false
python-versions = "*"
version = "2.1.0"

[[package]]
category = "dev"
description = "Python style guide checker"
name = "pycodestyle"
optional = false
python-versions = "*"
version = "2.4.0"

[[package]]
category = "dev"
description = "passive checker of Python programs"
name = "pyflakes"
optional = false
python-versions = ">=2.7, !=3.0.*, !=3.1.*, !=3.2.*, !=3.3.*"
version = "2.0.0"

[[package]]
category = "main"
description = "Python parsing module"
name = "pyparsing"
optional = false
python-versions = ">=2.6, !=3.0.*, !=3.1.*, !=3.2.*"
version = "2.3.0"

[[package]]
category = "main"
description = "A Python SOCKS client module. See https://github.com/Anorov/PySocks for more information."
name = "pysocks"
optional = false
python-versions = "*"
version = "1.6.8"

[[package]]
category = "main"
description = "YAML parser and emitter for Python"
name = "pyyaml"
optional = false
python-versions = "*"
version = "3.13"

[[package]]
category = "main"
description = "RDFLib is a Python library for working with RDF, a simple yet powerful language for representing information."
name = "rdflib"
optional = false
python-versions = "*"
version = "4.2.2"

[package.dependencies]
isodate = "*"
pyparsing = "*"

[[package]]
category = "main"
description = "Python HTTP for Humans."
name = "requests"
optional = false
python-versions = ">=2.7, !=3.0.*, !=3.1.*, !=3.2.*, !=3.3.*"
version = "2.20.1"

[package.dependencies]
certifi = ">=2017.4.17"
chardet = ">=3.0.2,<3.1.0"
idna = ">=2.5,<2.8"
urllib3 = ">=1.21.1,<1.25"

[[package]]
category = "main"
description = "OAuthlib authentication support for Requests."
name = "requests-oauthlib"
optional = false
python-versions = ">=2.7, !=3.0.*, !=3.1.*, !=3.2.*, !=3.3.*"
version = "1.0.0"

[package.dependencies]
oauthlib = ">=0.6.2"
requests = ">=2.0.0"

[[package]]
category = "main"
description = "Python 2 and 3 compatibility utilities"
name = "six"
optional = false
python-versions = "*"
version = "1.11.0"

[[package]]
category = "main"
description = "SPARQL Endpoint interface to Python"
name = "sparqlwrapper"
optional = false
python-versions = "*"
version = "1.8.2"

[package.dependencies]
rdflib = ">=4.0"

[[package]]
category = "main"
description = "Twitter library for python"
name = "tweepy"
optional = false
python-versions = "*"
version = "3.6.0"

[package.dependencies]
PySocks = ">=1.5.7"
requests = ">=2.11.1"
requests-oauthlib = ">=0.7.0"
six = ">=1.10.0"

[[package]]
category = "main"
description = "HTTP library with thread-safe connection pooling, file post, and more."
name = "urllib3"
optional = false
python-versions = "*"
version = "1.22"

[[package]]
category = "main"
description = "The uWSGI server"
name = "uwsgi"
optional = true
python-versions = "*"
version = "2.0.17.1"

[[package]]
category = "main"
description = "The comprehensive WSGI web application library."
name = "werkzeug"
optional = false
python-versions = "*"
version = "0.14.1"

[extras]
uwsgi = ["uwsgi"]

[metadata]
content-hash = "c5382ec5b70f6fe143e22efc445af2807e0d3fbff7d9058b961681ad96ba08d9"
python-versions = ">=3.6"

[metadata.hashes]
certifi = ["339dc09518b07e2fa7eda5450740925974815557727d6bd35d319c1524a04a4c", "6d58c986d22b038c8c0df30d639f23a3e6d172a05c3583e766f4c0b785c0986a"]
chardet = ["84ab92ed1c4d4f16916e05906b6b75a6c0fb5db821cc65e70cbd64a3e2a5eaae", "fc323ffcaeaed0e0a02bf4d117757b98aed530d9ed4531e3e15460124c106691"]
click = ["2335065e6395b9e67ca716de5f7526736bfa6ceead690adf616d925bdc622b13", "5b94b49521f6456670fdb30cd82a4eca9412788a93fa6dd6df72c94d5a8ff2d7"]
flake8 = ["6a35f5b8761f45c5513e3405f110a86bea57982c3b75b766ce7b65217abe1670", "c01f8a3963b3571a8e6bd7a4063359aff90749e160778e03817cd9b71c9e07d2"]
flask = ["2271c0070dbcb5275fad4a82e29f23ab92682dc45f9dfbc22c02ba9b9322ce48", "a080b744b7e345ccfcbc77954861cb05b3c63786e93f2b3875e0913d44b43f05"]
flask-paginate = ["b68e8d7664419ad53728514139811bce9c3f2e56199a6c057ef4c08f9f35f35d"]
idna = ["156a6814fb5ac1fc6850fb002e0852d56c0c8d2531923a51032d1b70760e186e", "684a38a6f903c1d71d6d5fac066b58d7768af4de2b832e426ec79c30daa94a16"]
isodate = ["2e364a3d5759479cdb2d37cce6b9376ea504db2ff90252a2e5b7cc89cc9ff2d8", "aa4d33c06640f5352aca96e4b81afd8ab3b47337cc12089822d6f322ac772c81"]
itsdangerous = ["321b033d07f2a4136d3ec762eac9f16a10ccd60f53c0c91af90217ace7ba1f19", "b12271b2047cb23eeb98c8b5622e2e5c5e9abd9784a153e9d8ef9cb4dd09d749"]
jinja2 = ["74c935a1b8bb9a3947c50a54766a969d4846290e1e788ea44c1392163723c3bd", "f84be1bb0040caca4cea721fcbbbbd61f9be9464ca236387158b0feea01914a4"]
lxml = ["02bc220d61f46e9b9d5a53c361ef95e9f5e1d27171cd461dddb17677ae2289a5", "22f253b542a342755f6cfc047fe4d3a296515cf9b542bc6e261af45a80b8caf6", "2f31145c7ff665b330919bfa44aacd3a0211a76ca7e7b441039d2a0b0451e415", "36720698c29e7a9626a0dc802ef8885f8f0239bfd1689628ecd459a061f2807f", "438a1b0203545521f6616132bfe0f4bca86f8a401364008b30e2b26ec408ce85", "4815892904c336bbaf73dafd54f45f69f4021c22b5bad7332176bbf4fb830568", "5be031b0f15ad63910d8e5038b489d95a79929513b3634ad4babf77100602588", "5c93ae37c3c588e829b037fdfbd64a6e40c901d3f93f7beed6d724c44829a3ad", "60842230678674cdac4a1cf0f707ef12d75b9a4fc4a565add4f710b5fcf185d5", "62939a8bb6758d1bf923aa1c13f0bcfa9bf5b2fc0f5fa917a6e25db5fe0cfa4e", "75830c06a62fe7b8fe3bbb5f269f0b308f19f3949ac81cfd40062f47c1455faf", "81992565b74332c7c1aff6a913a3e906771aa81c9d0c68c68113cffcae45bc53", "8c892fb0ee52c594d9a7751c7d7356056a9682674b92cc1c4dc968ff0f30c52f", "9d862e3cf4fc1f2837dedce9c42269c8c76d027e49820a548ac89fdcee1e361f", "a623965c086a6e91bb703d4da62dabe59fe88888e82c4117d544e11fd74835d6", "a7783ab7f6a508b0510490cef9f857b763d796ba7476d9703f89722928d1e113", "aab09fbe8abfa3b9ce62aaf45aca2d28726b1b9ee44871dbe644050a2fff4940", "abf181934ac3ef193832fb973fd7f6149b5c531903c2ec0f1220941d73eee601", "ae07fa0c115733fce1e9da96a3ac3fa24801742ca17e917e0c79d63a01eeb843", "b9c78242219f674ab645ec571c9a95d70f381319a23911941cd2358a8e0521cf", "bccb267678b870d9782c3b44d0cefe3ba0e329f9af8c946d32bf3778e7a4f271", "c4df4d27f4c93b2cef74579f00b1d3a31a929c7d8023f870c4b476f03a274db4", "caf0e50b546bb60dfa99bb18dfa6748458a83131ecdceaf5c071d74907e7e78a", "d3266bd3ac59ac4edcd5fa75165dee80b94a3e5c91049df5f7c057ccf097551c", "db0d213987bcd4e6d41710fb4532b22315b0d8fb439ff901782234456556aed1", "dbbd5cf7690a40a9f0a9325ab480d0fccf46d16b378eefc08e195d84299bfae1", "e16e07a0ec3a75b5ee61f2b1003c35696738f937dc8148fbda9fe2147ccb6e61", "e175a006725c7faadbe69e791877d09936c0ef2cf49d01b60a6c1efcb0e8be6f", "edd9c13a97f6550f9da2236126bb51c092b3b1ce6187f2bd966533ad794bbb5e", "fa39ea60d527fbdd94215b5e5552f1c6a912624521093f1384a491a8ad89ad8b"]
markupsafe = ["048ef924c1623740e70204aa7143ec592504045ae4429b59c30054cb31e3c432", "130f844e7f5bdd8e9f3f42e7102ef1d49b2e6fdf0d7526df3f87281a532d8c8b", "19f637c2ac5ae9da8bfd98cef74d64b7e1bb8a63038a3505cd182c3fac5eb4d9", "1b8a7a87ad1b92bd887568ce54b23565f3fd7018c4180136e1cf412b405a47af", "1c25694ca680b6919de53a4bb3bdd0602beafc63ff001fea2f2fc16ec3a11834", "1f19ef5d3908110e1e891deefb5586aae1b49a7440db952454b4e281b41620cd", "1fa6058938190ebe8290e5cae6c351e14e7bb44505c4a7624555ce57fbbeba0d", "31cbb1359e8c25f9f48e156e59e2eaad51cd5242c05ed18a8de6dbe85184e4b7", "3e835d8841ae7863f64e40e19477f7eb398674da6a47f09871673742531e6f4b", "4e97332c9ce444b0c2c38dd22ddc61c743eb208d916e4265a2a3b575bdccb1d3", "525396ee324ee2da82919f2ee9c9e73b012f23e7640131dd1b53a90206a0f09c", "52b07fbc32032c21ad4ab060fec137b76eb804c4b9a1c7c7dc562549306afad2", "52ccb45e77a1085ec5461cde794e1aa037df79f473cbc69b974e73940655c8d7", "5c3fbebd7de20ce93103cb3183b47671f2885307df4a17a0ad56a1dd51273d36", "5e5851969aea17660e55f6a3be00037a25b96a9b44d2083651812c99d53b14d1", "5edfa27b2d3eefa2210fb2f5d539fbed81722b49f083b2c6566455eb7422fd7e", "7d263e5770efddf465a9e31b78362d84d015cc894ca2c131901a4445eaa61ee1", "83381342bfc22b3c8c06f2dd93a505413888694302de25add756254beee8449c", "857eebb2c1dc60e4219ec8e98dfa19553dae33608237e107db9c6078b1167856", "98e439297f78fca3a6169fd330fbe88d78b3bb72f967ad9961bcac0d7fdd1550", "bf54103892a83c64db58125b3f2a43df6d2cb2d28889f14c78519394feb41492", "d9ac82be533394d341b41d78aca7ed0e0f4ba5a2231602e2f05aa87f25c51672", "e982fe07ede9fada6ff6705af70514a52beb1b2c3d25d4e873e82114cf3c5401", "edce2ea7f3dfc981c4ddc97add8a61381d9642dc3273737e756517cc03e84dd6", "efdc45ef1afc238db84cb4963aa689c0408912a0239b0721cb172b4016eb31d6", "f137c02498f8b935892d5c0172560d7ab54bc45039de8805075e19079c639a9c", "f82e347a72f955b7017a39708a3667f106e6ad4d10b25f237396a7115d8ed5fd", "fb7c206e01ad85ce57feeaaa0bf784b97fa3cad0d4a5737bc5295785f5c613a1"]
mccabe = ["ab8a6258860da4b6677da4bd2fe5dc2c659cff31b3ee4f7f5d64e79735b80d42", "dd8d182285a0fe56bace7f45b5e7d1a6ebcbf524e8f3bd87eb0f125271b8831f"]
oauthlib = ["ac35665a61c1685c56336bda97d5eefa246f1202618a1d6f34fccb1bdd404162", "d883b36b21a6ad813953803edfa563b1b579d79ca758fe950d1bc9e8b326025b"]
pycodestyle = ["74abc4e221d393ea5ce1f129ea6903209940c1ecd29e002e8c6933c2b21026e0", "cbc619d09254895b0d12c2c691e237b2e91e9b2ecf5e84c26b35400f93dcfb83", "cbfca99bd594a10f674d0cd97a3d802a1fdef635d4361e1a2658de47ed261e3a"]
pyflakes = ["9a7662ec724d0120012f6e29d6248ae3727d821bba522a0e6b356eff19126a49", "f661252913bc1dbe7fcfcbf0af0db3f42ab65aabd1a6ca68fe5d466bace94dae"]
pyparsing = ["40856e74d4987de5d01761a22d1621ae1c7f8774585acae358aa5c5936c6c90b", "f353aab21fd474459d97b709e527b5571314ee5f067441dc9f88e33eecd96592"]
pysocks = ["3fe52c55890a248676fd69dc9e3c4e811718b777834bcaab7a8125cf9deac672"]
pyyaml = ["3d7da3009c0f3e783b2c873687652d83b1bbfd5c88e9813fb7e5b03c0dd3108b", "3ef3092145e9b70e3ddd2c7ad59bdd0252a94dfe3949721633e41344de00a6bf", "40c71b8e076d0550b2e6380bada1f1cd1017b882f7e16f09a65be98e017f211a", "558dd60b890ba8fd982e05941927a3911dc409a63dcb8b634feaa0cda69330d3", "a7c28b45d9f99102fa092bb213aa12e0aaf9a6a1f5e395d36166639c1f96c3a1", "aa7dd4a6a427aed7df6fb7f08a580d68d9b118d90310374716ae90b710280af1", "bc558586e6045763782014934bfaf39d48b8ae85a2713117d16c39864085c613", "d46d7982b62e0729ad0175a9bc7e10a566fc07b224d2c79fafb5e032727eaa04", "d5eef459e30b09f5a098b9cea68bebfeb268697f78d647bd255a085371ac7f3f", "e01d3203230e1786cd91ccfdc8f8454c8069c91bee3962ad93b87a4b2860f537", "e170a9e6fcfd19021dd29845af83bb79236068bf5fd4df3327c1be18182b2531"]
rdflib = ["58d5994610105a457cff7fdfe3d683d87786c5028a45ae032982498a7e913d6f", "da1df14552555c5c7715d8ce71c08f404c988c58a1ecd38552d0da4fc261280d"]
requests = ["65b3a120e4329e33c9889db89c80976c5272f56ea92d3e74da8a463992e3ff54", "ea881206e59f41dbd0bd445437d792e43906703fff75ca8ff43ccdb11f33f263"]
requests-oauthlib = ["8886bfec5ad7afb391ed5443b1f697c6f4ae98d0e5620839d8b4499c032ada3f", "e21232e2465808c0e892e0e4dbb8c2faafec16ac6dc067dd546e9b466f3deac8", "fe3282f48fb134ee0035712159f5429215459407f6d5484013343031ff1a400d"]
six = ["70e8a77beed4562e7f14fe23a786b54f6296e34344c23bc42f07b15018ff98e9", "832dc0e10feb1aa2c68dcc57dbb658f1c7e65b9b61af69048abc87a2db00a0eb"]
sparqlwrapper = ["2a95fdede2833be660b81092934c4a0054ff85f2693098556762a2759ea486f1", "7f4c8d38ea1bfcffbc358c9a05de35a3fd7152cc3e8ea57963ee7a0a242f7a5e", "a20e3fe5a7fa02fb0ce78247005a0dffba95e12a8cfcd6c3a466027419e26a0f", "acf6d60f0a3684cb673653b07871acb0c350a974b891f20f8ac94926ff9eb2ff", "dd2aca2e72e8a1e155c726c42bd1e5a9d5b09eea2f6d368f6c02354df360ca4f"]
tweepy = ["0895e79fe98127787c8debb62c283cb876e8b65fbbcf90cb988dba2c606f6260", "901500666de5e265d93e611dc05066bb020481c85550d6bcbf8030212938902c"]
urllib3 = ["06330f386d6e4b195fbfc736b297f58c5a892e4440e54d294d7004e3a9bbea1b", "cc44da8e1145637334317feebd728bd869a35285b93cbb4cca2577da7e62db4f"]
uwsgi = ["d2318235c74665a60021a4fc7770e9c2756f9fc07de7b8c22805efe85b5ab277"]
werkzeug = ["c3fd7a7d41976d9f44db327260e263132466836cef6f91512889ed60ad26557c", "d5da73735293558eb1651ee2fddc4d0dedcfa06538b8813a2e20011583c9e49b"]
